# @generated by Move, please check-in and do not edit manually.

[move]
version = 3
manifest_digest = "4314831C9A2B02D0F208A73C9C152747BA43006EA9FEB213EE07304E5A984533"
deps_digest = "F8BBB0CCB2491CA29A3DF03D6F92277A4F3574266507ACD77214D37ECA3F3082"
dependencies = [
  { id = "Sui", name = "Sui" },
]

[[move.package]]
id = "MoveStdlib"
source = { git = "https://github.com/MystenLabs/sui.git", rev = "framework/testnet", subdir = "crates/sui-framework/packages/move-stdlib" }

[[move.package]]
id = "Sui"
source = { git = "https://github.com/MystenLabs/sui.git", rev = "framework/testnet", subdir = "crates/sui-framework/packages/sui-framework" }

dependencies = [
  { id = "MoveStdlib", name = "MoveStdlib" },
]

[move.toolchain-version]
compiler-version = "1.46.0"
edition = "2024.beta"
flavor = "sui"

[env]

[env.local]
chain-id = "21297ef0"
original-published-id = "0x71ca4b9fd88107505146b62e4feb0c214ea8423bcfb2844a7fd79400219fb94f"
latest-published-id = "0x71ca4b9fd88107505146b62e4feb0c214ea8423bcfb2844a7fd79400219fb94f"
published-version = "1"

[env.testnet]
chain-id = "4c78adac"
original-published-id = "0x36112bf0fff8a6bfed42effc16316f8ae876158d8f136ac3b1f839804006a77e"
latest-published-id = "0x36112bf0fff8a6bfed42effc16316f8ae876158d8f136ac3b1f839804006a77e"
published-version = "1"

[env.devnet]
chain-id = "f4a15ff1"
original-published-id = "0x2b0a82edbc352641c7f14f1ea7a223c50032f8fb7f57b52caa1cc5526ccb132a"
latest-published-id = "0x2b0a82edbc352641c7f14f1ea7a223c50032f8fb7f57b52caa1cc5526ccb132a"
published-version = "1"
